{
  "requires": true,
  "lockfileVersion": 1,
  "dependencies": {
    "@prisma/client": {
      "version": "4.14.0",
      "resolved": "https://registry.npmjs.org/@prisma/client/-/client-4.14.0.tgz",
      "integrity": "sha512-MK/XaA2sFdfaOa7I9MjNKz6dxeIEdeZlnpNRoF2w3JuRLlFJLkpp6cD3yaqw2nUUhbrn3Iqe3ZpVV+VuGGil7Q==",
      "requires": {
        "@prisma/engines-version": "4.14.0-67.d9a4c5988f480fa576d43970d5a23641aa77bc9c"
      }
    },
    "@prisma/engines-version": {
      "version": "4.14.0-67.d9a4c5988f480fa576d43970d5a23641aa77bc9c",
      "resolved": "https://registry.npmjs.org/@prisma/engines-version/-/engines-version-4.14.0-67.d9a4c5988f480fa576d43970d5a23641aa77bc9c.tgz",
      "integrity": "sha512-3jum8/YSudeSN0zGW5qkpz+wAN2V/NYCQ+BPjvHYDfWatLWlQkqy99toX0GysDeaUoBIJg1vaz2yKqiA3CFcQw=="
    }
  }
}
